
Microsoft Visual Studio Solution File, Format Version 12.00
# Visual Studio Version 16
VisualStudioVersion = 16.0.29318.209
MinimumVisualStudioVersion = 10.0.40219.1
Project("{9A19103F-16F7-4668-BE54-9A1E7A4F7556}") = "Design", "Design\Design.csproj", "{2788FE29-4CF7-411B-BDE1-42027063FDEF}"
EndProject
Project("{2150E333-8FDC-42A3-9474-1A3956D46DE8}") = "src", "src", "{D2D5DC25-F3AC-4E7B-8B39-FE75FF52C77E}"
EndProject
Project("{9A19103F-16F7-4668-BE54-9A1E7A4F7556}") = "Centro de estudios", "Centro de estudios\Centro de estudios.csproj", "{DF656E4E-9071-46C7-965F-6A713CC832A8}"
EndProject
Project("{2150E333-8FDC-42A3-9474-1A3956D46DE8}") = "test", "test", "{80AD2AA9-CFDE-44CD-A5DC-060DA99CA9CD}"
EndProject
Project("{9A19103F-16F7-4668-BE54-9A1E7A4F7556}") = "Centro_de_estudios.UT", "Centro_de_estudios.UT\Centro_de_estudios.UT.csproj", "{5F6DDB4B-3A0A-45FF-9DCA-5A507BEB4C5F}"
EndProject
Project("{FAE04EC0-301F-11D3-BF4B-00C04F79EFBC}") = "Centro_de_estudios.UIT", "Centro_de_estudios.UIT\Centro_de_estudios.UIT.csproj", "{4B843C9D-33E1-4C3E-AE4A-595316ED2E9A}"
EndProject
Global
	GlobalSection(SolutionConfigurationPlatforms) = preSolution
		Debug|Any CPU = Debug|Any CPU
		Release|Any CPU = Release|Any CPU
	EndGlobalSection
	GlobalSection(ProjectConfigurationPlatforms) = postSolution
		{2788FE29-4CF7-411B-BDE1-42027063FDEF}.Debug|Any CPU.ActiveCfg = Debug|Any CPU
		{2788FE29-4CF7-411B-BDE1-42027063FDEF}.Debug|Any CPU.Build.0 = Debug|Any CPU
		{2788FE29-4CF7-411B-BDE1-42027063FDEF}.Release|Any CPU.ActiveCfg = Release|Any CPU
		{2788FE29-4CF7-411B-BDE1-42027063FDEF}.Release|Any CPU.Build.0 = Release|Any CPU
		{DF656E4E-9071-46C7-965F-6A713CC832A8}.Debug|Any CPU.ActiveCfg = Debug|Any CPU
		{DF656E4E-9071-46C7-965F-6A713CC832A8}.Debug|Any CPU.Build.0 = Debug|Any CPU
		{DF656E4E-9071-46C7-965F-6A713CC832A8}.Release|Any CPU.ActiveCfg = Release|Any CPU
		{DF656E4E-9071-46C7-965F-6A713CC832A8}.Release|Any CPU.Build.0 = Release|Any CPU
		{5F6DDB4B-3A0A-45FF-9DCA-5A507BEB4C5F}.Debug|Any CPU.ActiveCfg = Debug|Any CPU
		{5F6DDB4B-3A0A-45FF-9DCA-5A507BEB4C5F}.Debug|Any CPU.Build.0 = Debug|Any CPU
		{5F6DDB4B-3A0A-45FF-9DCA-5A507BEB4C5F}.Release|Any CPU.ActiveCfg = Release|Any CPU
		{5F6DDB4B-3A0A-45FF-9DCA-5A507BEB4C5F}.Release|Any CPU.Build.0 = Release|Any CPU
		{4B843C9D-33E1-4C3E-AE4A-595316ED2E9A}.Debug|Any CPU.ActiveCfg = Debug|Any CPU
		{4B843C9D-33E1-4C3E-AE4A-595316ED2E9A}.Debug|Any CPU.Build.0 = Debug|Any CPU
		{4B843C9D-33E1-4C3E-AE4A-595316ED2E9A}.Release|Any CPU.ActiveCfg = Release|Any CPU
		{4B843C9D-33E1-4C3E-AE4A-595316ED2E9A}.Release|Any CPU.Build.0 = Release|Any CPU
	EndGlobalSection
	GlobalSection(SolutionProperties) = preSolution
		HideSolutionNode = FALSE
	EndGlobalSection
	GlobalSection(NestedProjects) = preSolution
		{DF656E4E-9071-46C7-965F-6A713CC832A8} = {D2D5DC25-F3AC-4E7B-8B39-FE75FF52C77E}
		{5F6DDB4B-3A0A-45FF-9DCA-5A507BEB4C5F} = {80AD2AA9-CFDE-44CD-A5DC-060DA99CA9CD}
		{4B843C9D-33E1-4C3E-AE4A-595316ED2E9A} = {80AD2AA9-CFDE-44CD-A5DC-060DA99CA9CD}
	EndGlobalSection
	GlobalSection(ExtensibilityGlobals) = postSolution
		SolutionGuid = {D0D536AB-E2B5-4D3B-9D18-E97C6C8111B4}
	EndGlobalSection
EndGlobal
